// !$*UTF8*$!
{
	archiveVersion = 1;
	classes = {
	};
	objectVersion = 51;
	objects = {

/* Begin PBXBuildFile section */
		D71F28EA2585110D003A7BD2 /* AppDelegate.swift in Sources */ = {isa = PBXBuildFile; fileRef = D71F28E92585110D003A7BD2 /* AppDelegate.swift */; };
		D71F28F325851112003A7BD2 /* Assets.xcassets in Resources */ = {isa = PBXBuildFile; fileRef = D71F28F225851112003A7BD2 /* Assets.xcassets */; };
		D71F28F625851112003A7BD2 /* LaunchScreen.storyboard in Resources */ = {isa = PBXBuildFile; fileRef = D71F28F425851112003A7BD2 /* LaunchScreen.storyboard */; };
		D75F2B8325867904004AF002 /* AuthService.swift in Sources */ = {isa = PBXBuildFile; fileRef = D75F2B8225867904004AF002 /* AuthService.swift */; };
		D75F2B8625867B80004AF002 /* AuthViewController.swift in Sources */ = {isa = PBXBuildFile; fileRef = D75F2B8525867B7F004AF002 /* AuthViewController.swift */; };
		D75F2B8925867B8F004AF002 /* Auth.storyboard in Resources */ = {isa = PBXBuildFile; fileRef = D75F2B8825867B8F004AF002 /* Auth.storyboard */; };
		D7CB5607258677A4004F033B /* NewsFeedViewController.swift in Sources */ = {isa = PBXBuildFile; fileRef = D7CB5606258677A4004F033B /* NewsFeedViewController.swift */; };
		D7CB560B258677C5004F033B /* NewsFeed.storyboard in Resources */ = {isa = PBXBuildFile; fileRef = D7CB560A258677C5004F033B /* NewsFeed.storyboard */; };
		D7CFAC8C25868B79001B0C8E /* UIViewController + Storyboard.swift in Sources */ = {isa = PBXBuildFile; fileRef = D7CFAC8B25868B79001B0C8E /* UIViewController + Storyboard.swift */; };
		FD8E46CBBF54E7A5CB1C584F /* Pods_VKPhotos.framework in Frameworks */ = {isa = PBXBuildFile; fileRef = BC92CE761E0680257A330FC3 /* Pods_VKPhotos.framework */; };
/* End PBXBuildFile section */

/* Begin PBXFileReference section */
		326ADF3E2FEF65397D79053D /* Pods-VKPhotos.debug.xcconfig */ = {isa = PBXFileReference; includeInIndex = 1; lastKnownFileType = text.xcconfig; name = "Pods-VKPhotos.debug.xcconfig"; path = "Target Support Files/Pods-VKPhotos/Pods-VKPhotos.debug.xcconfig"; sourceTree = "<group>"; };
		BBE5D4A128242A3FF7FF37FC /* Pods-VKPhotos.release.xcconfig */ = {isa = PBXFileReference; includeInIndex = 1; lastKnownFileType = text.xcconfig; name = "Pods-VKPhotos.release.xcconfig"; path = "Target Support Files/Pods-VKPhotos/Pods-VKPhotos.release.xcconfig"; sourceTree = "<group>"; };
		BC92CE761E0680257A330FC3 /* Pods_VKPhotos.framework */ = {isa = PBXFileReference; explicitFileType = wrapper.framework; includeInIndex = 0; path = Pods_VKPhotos.framework; sourceTree = BUILT_PRODUCTS_DIR; };
		D71F28E62585110D003A7BD2 /* VKPhotos.app */ = {isa = PBXFileReference; explicitFileType = wrapper.application; includeInIndex = 0; path = VKPhotos.app; sourceTree = BUILT_PRODUCTS_DIR; };
		D71F28E92585110D003A7BD2 /* AppDelegate.swift */ = {isa = PBXFileReference; lastKnownFileType = sourcecode.swift; path = AppDelegate.swift; sourceTree = "<group>"; };
		D71F28F225851112003A7BD2 /* Assets.xcassets */ = {isa = PBXFileReference; lastKnownFileType = folder.assetcatalog; path = Assets.xcassets; sourceTree = "<group>"; };
		D71F28F525851112003A7BD2 /* Base */ = {isa = PBXFileReference; lastKnownFileType = file.storyboard; name = Base; path = Base.lproj/LaunchScreen.storyboard; sourceTree = "<group>"; };
		D71F28F725851112003A7BD2 /* Info.plist */ = {isa = PBXFileReference; lastKnownFileType = text.plist.xml; path = Info.plist; sourceTree = "<group>"; };
		D75F2B8225867904004AF002 /* AuthService.swift */ = {isa = PBXFileReference; lastKnownFileType = sourcecode.swift; path = AuthService.swift; sourceTree = "<group>"; };
		D75F2B8525867B7F004AF002 /* AuthViewController.swift */ = {isa = PBXFileReference; lastKnownFileType = sourcecode.swift; path = AuthViewController.swift; sourceTree = "<group>"; };
		D75F2B8825867B8F004AF002 /* Auth.storyboard */ = {isa = PBXFileReference; lastKnownFileType = file.storyboard; path = Auth.storyboard; sourceTree = "<group>"; };
		D7CB5606258677A4004F033B /* NewsFeedViewController.swift */ = {isa = PBXFileReference; lastKnownFileType = sourcecode.swift; path = NewsFeedViewController.swift; sourceTree = "<group>"; };
		D7CB560A258677C5004F033B /* NewsFeed.storyboard */ = {isa = PBXFileReference; lastKnownFileType = file.storyboard; path = NewsFeed.storyboard; sourceTree = "<group>"; };
		D7CFAC8B25868B79001B0C8E /* UIViewController + Storyboard.swift */ = {isa = PBXFileReference; lastKnownFileType = sourcecode.swift; path = "UIViewController + Storyboard.swift"; sourceTree = "<group>"; };
/* End PBXFileReference section */

/* Begin PBXFrameworksBuildPhase section */
		D71F28E32585110D003A7BD2 /* Frameworks */ = {
			isa = PBXFrameworksBuildPhase;
			buildActionMask = 2147483647;
			files = (
				FD8E46CBBF54E7A5CB1C584F /* Pods_VKPhotos.framework in Frameworks */,
			);
			runOnlyForDeploymentPostprocessing = 0;
		};
/* End PBXFrameworksBuildPhase section */

/* Begin PBXGroup section */
		B2C27D827DAADCD44715AAC0 /* Frameworks */ = {
			isa = PBXGroup;
			children = (
				BC92CE761E0680257A330FC3 /* Pods_VKPhotos.framework */,
			);
			name = Frameworks;
			sourceTree = "<group>";
		};
		B5787352AA3B8B1B00B8F5C2 /* Pods */ = {
			isa = PBXGroup;
			children = (
				326ADF3E2FEF65397D79053D /* Pods-VKPhotos.debug.xcconfig */,
				BBE5D4A128242A3FF7FF37FC /* Pods-VKPhotos.release.xcconfig */,
			);
			path = Pods;
			sourceTree = "<group>";
		};
		D71F28DD2585110D003A7BD2 = {
			isa = PBXGroup;
			children = (
				D71F28E82585110D003A7BD2 /* VKPhotos */,
				D71F28E72585110D003A7BD2 /* Products */,
				B5787352AA3B8B1B00B8F5C2 /* Pods */,
				B2C27D827DAADCD44715AAC0 /* Frameworks */,
			);
			sourceTree = "<group>";
		};
		D71F28E72585110D003A7BD2 /* Products */ = {
			isa = PBXGroup;
			children = (
				D71F28E62585110D003A7BD2 /* VKPhotos.app */,
			);
			name = Products;
			sourceTree = "<group>";
		};
		D71F28E82585110D003A7BD2 /* VKPhotos */ = {
			isa = PBXGroup;
			children = (
				D7CFAC8A25868B5C001B0C8E /* Helpers */,
				D7CB560225867758004F033B /* Application */,
				D75F2B81258678F3004AF002 /* Services */,
				D7CB56042586777D004F033B /* Scenes */,
			);
			path = VKPhotos;
			sourceTree = "<group>";
		};
		D75F2B81258678F3004AF002 /* Services */ = {
			isa = PBXGroup;
			children = (
				D75F2B8225867904004AF002 /* AuthService.swift */,
			);
			path = Services;
			sourceTree = "<group>";
		};
		D75F2B8B25867B98004AF002 /* Auth */ = {
			isa = PBXGroup;
			children = (
				D75F2B8825867B8F004AF002 /* Auth.storyboard */,
				D75F2B8525867B7F004AF002 /* AuthViewController.swift */,
			);
			path = Auth;
			sourceTree = "<group>";
		};
		D7CB560225867758004F033B /* Application */ = {
			isa = PBXGroup;
			children = (
				D71F28E92585110D003A7BD2 /* AppDelegate.swift */,
				D71F28F225851112003A7BD2 /* Assets.xcassets */,
				D71F28F425851112003A7BD2 /* LaunchScreen.storyboard */,
				D71F28F725851112003A7BD2 /* Info.plist */,
			);
			path = Application;
			sourceTree = "<group>";
		};
		D7CB56042586777D004F033B /* Scenes */ = {
			isa = PBXGroup;
			children = (
				D7CB560525867788004F033B /* NewsFeed */,
				D75F2B8B25867B98004AF002 /* Auth */,
			);
			path = Scenes;
			sourceTree = "<group>";
		};
		D7CB560525867788004F033B /* NewsFeed */ = {
			isa = PBXGroup;
			children = (
				D7CB560A258677C5004F033B /* NewsFeed.storyboard */,
				D7CB5606258677A4004F033B /* NewsFeedViewController.swift */,
			);
			path = NewsFeed;
			sourceTree = "<group>";
		};
		D7CFAC8A25868B5C001B0C8E /* Helpers */ = {
			isa = PBXGroup;
			children = (
				D7CFAC8B25868B79001B0C8E /* UIViewController + Storyboard.swift */,
			);
			path = Helpers;
			sourceTree = "<group>";
		};
/* End PBXGroup section */

/* Begin PBXNativeTarget section */
		D71F28E52585110D003A7BD2 /* VKPhotos */ = {
			isa = PBXNativeTarget;
			buildConfigurationList = D71F28FA25851112003A7BD2 /* Build configuration list for PBXNativeTarget "VKPhotos" */;
			buildPhases = (
				199EF2B042CD5597E14EC014 /* [CP] Check Pods Manifest.lock */,
				D71F28E22585110D003A7BD2 /* Sources */,
				D71F28E32585110D003A7BD2 /* Frameworks */,
				D71F28E42585110D003A7BD2 /* Resources */,
				C415D1999779E5E71B6A5FCD /* [CP] Embed Pods Frameworks */,
			);
			buildRules = (
			);
			dependencies = (
			);
			name = VKPhotos;
			productName = VKPhotos;
			productReference = D71F28E62585110D003A7BD2 /* VKPhotos.app */;
			productType = "com.apple.product-type.application";
		};
/* End PBXNativeTarget section */

/* Begin PBXProject section */
		D71F28DE2585110D003A7BD2 /* Project object */ = {
			isa = PBXProject;
			attributes = {
				LastSwiftUpdateCheck = 1220;
				LastUpgradeCheck = 1220;
				TargetAttributes = {
					D71F28E52585110D003A7BD2 = {
						CreatedOnToolsVersion = 12.2;
					};
				};
			};
			buildConfigurationList = D71F28E12585110D003A7BD2 /* Build configuration list for PBXProject "VKPhotos" */;
			compatibilityVersion = "Xcode 9.3";
			developmentRegion = en;
			hasScannedForEncodings = 0;
			knownRegions = (
				en,
				Base,
			);
			mainGroup = D71F28DD2585110D003A7BD2;
			productRefGroup = D71F28E72585110D003A7BD2 /* Products */;
			projectDirPath = "";
			projectRoot = "";
			targets = (
				D71F28E52585110D003A7BD2 /* VKPhotos */,
			);
		};
/* End PBXProject section */

/* Begin PBXResourcesBuildPhase section */
		D71F28E42585110D003A7BD2 /* Resources */ = {
			isa = PBXResourcesBuildPhase;
			buildActionMask = 2147483647;
			files = (
				D75F2B8925867B8F004AF002 /* Auth.storyboard in Resources */,
				D71F28F625851112003A7BD2 /* LaunchScreen.storyboard in Resources */,
				D71F28F325851112003A7BD2 /* Assets.xcassets in Resources */,
				D7CB560B258677C5004F033B /* NewsFeed.storyboard in Resources */,
			);
			runOnlyForDeploymentPostprocessing = 0;
		};
/* End PBXResourcesBuildPhase section */

/* Begin PBXShellScriptBuildPhase section */
		199EF2B042CD5597E14EC014 /* [CP] Check Pods Manifest.lock */ = {
			isa = PBXShellScriptBuildPhase;
			buildActionMask = 2147483647;
			files = (
			);
			inputFileListPaths = (
			);
			inputPaths = (
				"${PODS_PODFILE_DIR_PATH}/Podfile.lock",
				"${PODS_ROOT}/Manifest.lock",
			);
			name = "[CP] Check Pods Manifest.lock";
			outputFileListPaths = (
			);
			outputPaths = (
				"$(DERIVED_FILE_DIR)/Pods-VKPhotos-checkManifestLockResult.txt",
			);
			runOnlyForDeploymentPostprocessing = 0;
			shellPath = /bin/sh;
			shellScript = "diff \"${PODS_PODFILE_DIR_PATH}/Podfile.lock\" \"${PODS_ROOT}/Manifest.lock\" > /dev/null\nif [ $? != 0 ] ; then\n    # print error to STDERR\n    echo \"error: The sandbox is not in sync with the Podfile.lock. Run 'pod install' or update your CocoaPods installation.\" >&2\n    exit 1\nfi\n# This output is used by Xcode 'outputs' to avoid re-running this script phase.\necho \"SUCCESS\" > \"${SCRIPT_OUTPUT_FILE_0}\"\n";
			showEnvVarsInLog = 0;
		};
		C415D1999779E5E71B6A5FCD /* [CP] Embed Pods Frameworks */ = {
			isa = PBXShellScriptBuildPhase;
			buildActionMask = 2147483647;
			files = (
			);
			inputFileListPaths = (
				"${PODS_ROOT}/Target Support Files/Pods-VKPhotos/Pods-VKPhotos-frameworks-${CONFIGURATION}-input-files.xcfilelist",
			);
			name = "[CP] Embed Pods Frameworks";
			outputFileListPaths = (
				"${PODS_ROOT}/Target Support Files/Pods-VKPhotos/Pods-VKPhotos-frameworks-${CONFIGURATION}-output-files.xcfilelist",
			);
			runOnlyForDeploymentPostprocessing = 0;
			shellPath = /bin/sh;
			shellScript = "\"${PODS_ROOT}/Target Support Files/Pods-VKPhotos/Pods-VKPhotos-frameworks.sh\"\n";
			showEnvVarsInLog = 0;
		};
/* End PBXShellScriptBuildPhase section */

/* Begin PBXSourcesBuildPhase section */
		D71F28E22585110D003A7BD2 /* Sources */ = {
			isa = PBXSourcesBuildPhase;
			buildActionMask = 2147483647;
			files = (
				D75F2B8625867B80004AF002 /* AuthViewController.swift in Sources */,
				D7CFAC8C25868B79001B0C8E /* UIViewController + Storyboard.swift in Sources */,
				D75F2B8325867904004AF002 /* AuthService.swift in Sources */,
				D71F28EA2585110D003A7BD2 /* AppDelegate.swift in Sources */,
				D7CB5607258677A4004F033B /* NewsFeedViewController.swift in Sources */,
			);
			runOnlyForDeploymentPostprocessing = 0;
		};
/* End PBXSourcesBuildPhase section */

/* Begin PBXVariantGroup section */
		D71F28F425851112003A7BD2 /* LaunchScreen.storyboard */ = {
			isa = PBXVariantGroup;
			children = (
				D71F28F525851112003A7BD2 /* Base */,
			);
			name = LaunchScreen.storyboard;
			sourceTree = "<group>";
		};
/* End PBXVariantGroup section */

/* Begin XCBuildConfiguration section */
		D71F28F825851112003A7BD2 /* Debug */ = {
			isa = XCBuildConfiguration;
			buildSettings = {
				ALWAYS_SEARCH_USER_PATHS = NO;
				CLANG_ANALYZER_NONNULL = YES;
				CLANG_ANALYZER_NUMBER_OBJECT_CONVERSION = YES_AGGRESSIVE;
				CLANG_CXX_LANGUAGE_STANDARD = "gnu++14";
				CLANG_CXX_LIBRARY = "libc++";
				CLANG_ENABLE_MODULES = YES;
				CLANG_ENABLE_OBJC_ARC = YES;
				CLANG_ENABLE_OBJC_WEAK = YES;
				CLANG_WARN_BLOCK_CAPTURE_AUTORELEASING = YES;
				CLANG_WARN_BOOL_CONVERSION = YES;
				CLANG_WARN_COMMA = YES;
				CLANG_WARN_CONSTANT_CONVERSION = YES;
				CLANG_WARN_DEPRECATED_OBJC_IMPLEMENTATIONS = YES;
				CLANG_WARN_DIRECT_OBJC_ISA_USAGE = YES_ERROR;
				CLANG_WARN_DOCUMENTATION_COMMENTS = YES;
				CLANG_WARN_EMPTY_BODY = YES;
				CLANG_WARN_ENUM_CONVERSION = YES;
				CLANG_WARN_INFINITE_RECURSION = YES;
				CLANG_WARN_INT_CONVERSION = YES;
				CLANG_WARN_NON_LITERAL_NULL_CONVERSION = YES;
				CLANG_WARN_OBJC_IMPLICIT_RETAIN_SELF = YES;
				CLANG_WARN_OBJC_LITERAL_CONVERSION = YES;
				CLANG_WARN_OBJC_ROOT_CLASS = YES_ERROR;
				CLANG_WARN_QUOTED_INCLUDE_IN_FRAMEWORK_HEADER = YES;
				CLANG_WARN_RANGE_LOOP_ANALYSIS = YES;
				CLANG_WARN_STRICT_PROTOTYPES = YES;
				CLANG_WARN_SUSPICIOUS_MOVE = YES;
				CLANG_WARN_UNGUARDED_AVAILABILITY = YES_AGGRESSIVE;
				CLANG_WARN_UNREACHABLE_CODE = YES;
				CLANG_WARN__DUPLICATE_METHOD_MATCH = YES;
				COPY_PHASE_STRIP = NO;
				DEBUG_INFORMATION_FORMAT = dwarf;
				ENABLE_STRICT_OBJC_MSGSEND = YES;
				ENABLE_TESTABILITY = YES;
				GCC_C_LANGUAGE_STANDARD = gnu11;
				GCC_DYNAMIC_NO_PIC = NO;
				GCC_NO_COMMON_BLOCKS = YES;
				GCC_OPTIMIZATION_LEVEL = 0;
				GCC_PREPROCESSOR_DEFINITIONS = (
					"DEBUG=1",
					"$(inherited)",
				);
				GCC_WARN_64_TO_32_BIT_CONVERSION = YES;
				GCC_WARN_ABOUT_RETURN_TYPE = YES_ERROR;
				GCC_WARN_UNDECLARED_SELECTOR = YES;
				GCC_WARN_UNINITIALIZED_AUTOS = YES_AGGRESSIVE;
				GCC_WARN_UNUSED_FUNCTION = YES;
				GCC_WARN_UNUSED_VARIABLE = YES;
				IPHONEOS_DEPLOYMENT_TARGET = 14.2;
				MTL_ENABLE_DEBUG_INFO = INCLUDE_SOURCE;
				MTL_FAST_MATH = YES;
				ONLY_ACTIVE_ARCH = YES;
				SDKROOT = iphoneos;
				SWIFT_ACTIVE_COMPILATION_CONDITIONS = DEBUG;
				SWIFT_OPTIMIZATION_LEVEL = "-Onone";
			};
			name = Debug;
		};
		D71F28F925851112003A7BD2 /* Release */ = {
			isa = XCBuildConfiguration;
			buildSettings = {
				ALWAYS_SEARCH_USER_PATHS = NO;
				CLANG_ANALYZER_NONNULL = YES;
				CLANG_ANALYZER_NUMBER_OBJECT_CONVERSION = YES_AGGRESSIVE;
				CLANG_CXX_LANGUAGE_STANDARD = "gnu++14";
				CLANG_CXX_LIBRARY = "libc++";
				CLANG_ENABLE_MODULES = YES;
				CLANG_ENABLE_OBJC_ARC = YES;
				CLANG_ENABLE_OBJC_WEAK = YES;
				CLANG_WARN_BLOCK_CAPTURE_AUTORELEASING = YES;
				CLANG_WARN_BOOL_CONVERSION = YES;
				CLANG_WARN_COMMA = YES;
				CLANG_WARN_CONSTANT_CONVERSION = YES;
				CLANG_WARN_DEPRECATED_OBJC_IMPLEMENTATIONS = YES;
				CLANG_WARN_DIRECT_OBJC_ISA_USAGE = YES_ERROR;
				CLANG_WARN_DOCUMENTATION_COMMENTS = YES;
				CLANG_WARN_EMPTY_BODY = YES;
				CLANG_WARN_ENUM_CONVERSION = YES;
				CLANG_WARN_INFINITE_RECURSION = YES;
				CLANG_WARN_INT_CONVERSION = YES;
				CLANG_WARN_NON_LITERAL_NULL_CONVERSION = YES;
				CLANG_WARN_OBJC_IMPLICIT_RETAIN_SELF = YES;
				CLANG_WARN_OBJC_LITERAL_CONVERSION = YES;
				CLANG_WARN_OBJC_ROOT_CLASS = YES_ERROR;
				CLANG_WARN_QUOTED_INCLUDE_IN_FRAMEWORK_HEADER = YES;
				CLANG_WARN_RANGE_LOOP_ANALYSIS = YES;
				CLANG_WARN_STRICT_PROTOTYPES = YES;
				CLANG_WARN_SUSPICIOUS_MOVE = YES;
				CLANG_WARN_UNGUARDED_AVAILABILITY = YES_AGGRESSIVE;
				CLANG_WARN_UNREACHABLE_CODE = YES;
				CLANG_WARN__DUPLICATE_METHOD_MATCH = YES;
				COPY_PHASE_STRIP = NO;
				DEBUG_INFORMATION_FORMAT = "dwarf-with-dsym";
				ENABLE_NS_ASSERTIONS = NO;
				ENABLE_STRICT_OBJC_MSGSEND = YES;
				GCC_C_LANGUAGE_STANDARD = gnu11;
				GCC_NO_COMMON_BLOCKS = YES;
				GCC_WARN_64_TO_32_BIT_CONVERSION = YES;
				GCC_WARN_ABOUT_RETURN_TYPE = YES_ERROR;
				GCC_WARN_UNDECLARED_SELECTOR = YES;
				GCC_WARN_UNINITIALIZED_AUTOS = YES_AGGRESSIVE;
				GCC_WARN_UNUSED_FUNCTION = YES;
				GCC_WARN_UNUSED_VARIABLE = YES;
				IPHONEOS_DEPLOYMENT_TARGET = 14.2;
				MTL_ENABLE_DEBUG_INFO = NO;
				MTL_FAST_MATH = YES;
				SDKROOT = iphoneos;
				SWIFT_COMPILATION_MODE = wholemodule;
				SWIFT_OPTIMIZATION_LEVEL = "-O";
				VALIDATE_PRODUCT = YES;
			};
			name = Release;
		};
		D71F28FB25851112003A7BD2 /* Debug */ = {
			isa = XCBuildConfiguration;
			baseConfigurationReference = 326ADF3E2FEF65397D79053D /* Pods-VKPhotos.debug.xcconfig */;
			buildSettings = {
				ASSETCATALOG_COMPILER_APPICON_NAME = AppIcon;
				ASSETCATALOG_COMPILER_GLOBAL_ACCENT_COLOR_NAME = AccentColor;
				CODE_SIGN_STYLE = Automatic;
				DEVELOPMENT_TEAM = AW7PB72PXH;
				INFOPLIST_FILE = VKPhotos/Application/Info.plist;
				IPHONEOS_DEPLOYMENT_TARGET = 13.0;
				LD_RUNPATH_SEARCH_PATHS = (
					"$(inherited)",
					"@executable_path/Frameworks",
				);
				PRODUCT_BUNDLE_IDENTIFIER = IgorDikan.VKPhotos;
				PRODUCT_NAME = "$(TARGET_NAME)";
				SWIFT_VERSION = 5.0;
				TARGETED_DEVICE_FAMILY = "1,2";
			};
			name = Debug;
		};
		D71F28FC25851112003A7BD2 /* Release */ = {
			isa = XCBuildConfiguration;
			baseConfigurationReference = BBE5D4A128242A3FF7FF37FC /* Pods-VKPhotos.release.xcconfig */;
			buildSettings = {
				ASSETCATALOG_COMPILER_APPICON_NAME = AppIcon;
				ASSETCATALOG_COMPILER_GLOBAL_ACCENT_COLOR_NAME = AccentColor;
				CODE_SIGN_STYLE = Automatic;
				DEVELOPMENT_TEAM = AW7PB72PXH;
				INFOPLIST_FILE = VKPhotos/Application/Info.plist;
				IPHONEOS_DEPLOYMENT_TARGET = 13.0;
				LD_RUNPATH_SEARCH_PATHS = (
					"$(inherited)",
					"@executable_path/Frameworks",
				);
				PRODUCT_BUNDLE_IDENTIFIER = IgorDikan.VKPhotos;
				PRODUCT_NAME = "$(TARGET_NAME)";
				SWIFT_VERSION = 5.0;
				TARGETED_DEVICE_FAMILY = "1,2";
			};
			name = Release;
		};
/* End XCBuildConfiguration section */

/* Begin XCConfigurationList section */
		D71F28E12585110D003A7BD2 /* Build configuration list for PBXProject "VKPhotos" */ = {
			isa = XCConfigurationList;
			buildConfigurations = (
				D71F28F825851112003A7BD2 /* Debug */,
				D71F28F925851112003A7BD2 /* Release */,
			);
			defaultConfigurationIsVisible = 0;
			defaultConfigurationName = Release;
		};
		D71F28FA25851112003A7BD2 /* Build configuration list for PBXNativeTarget "VKPhotos" */ = {
			isa = XCConfigurationList;
			buildConfigurations = (
				D71F28FB25851112003A7BD2 /* Debug */,
				D71F28FC25851112003A7BD2 /* Release */,
			);
			defaultConfigurationIsVisible = 0;
			defaultConfigurationName = Release;
		};
/* End XCConfigurationList section */
	};
	rootObject = D71F28DE2585110D003A7BD2 /* Project object */;
}
